// !$*UTF8*$!
{
	archiveVersion = 1;
	classes = {
	};
	objectVersion = 55;
	objects = {

/* Begin PBXBuildFile section */
		E008E0DE29367AC00051A4CC /* Common.framework in Frameworks */ = {isa = PBXBuildFile; fileRef = E008E0DD29367AC00051A4CC /* Common.framework */; };
		E008E0DF29367AC00051A4CC /* Common.framework in Embed Frameworks */ = {isa = PBXBuildFile; fileRef = E008E0DD29367AC00051A4CC /* Common.framework */; settings = {ATTRIBUTES = (CodeSignOnCopy, RemoveHeadersOnCopy, ); }; };
		E02A1DBF293E13C300F246A5 /* HomeService.swift in Sources */ = {isa = PBXBuildFile; fileRef = E02A1DBE293E13C300F246A5 /* HomeService.swift */; };
		E02EE8FE2937736D00FD1C80 /* LoginService.swift in Sources */ = {isa = PBXBuildFile; fileRef = E02EE8FD2937736D00FD1C80 /* LoginService.swift */; };
		E0E20E07292D469700AB9A84 /* FirebaseService.framework in Frameworks */ = {isa = PBXBuildFile; fileRef = E0E20DFE292D469700AB9A84 /* FirebaseService.framework */; };
		E0E20E0C292D469700AB9A84 /* FirebaseServiceTests.swift in Sources */ = {isa = PBXBuildFile; fileRef = E0E20E0B292D469700AB9A84 /* FirebaseServiceTests.swift */; };
		E0E20E0D292D469700AB9A84 /* FirebaseService.h in Headers */ = {isa = PBXBuildFile; fileRef = E0E20E01292D469700AB9A84 /* FirebaseService.h */; settings = {ATTRIBUTES = (Public, ); }; };
		E0E20E18292D474000AB9A84 /* FirebaseFirestore in Frameworks */ = {isa = PBXBuildFile; productRef = E0E20E17292D474000AB9A84 /* FirebaseFirestore */; };
		E0E20E1F292D4CFE00AB9A84 /* RegistrationService.swift in Sources */ = {isa = PBXBuildFile; fileRef = E0E20E1E292D4CFE00AB9A84 /* RegistrationService.swift */; };
/* End PBXBuildFile section */

/* Begin PBXContainerItemProxy section */
		E0E20E08292D469700AB9A84 /* PBXContainerItemProxy */ = {
			isa = PBXContainerItemProxy;
			containerPortal = E0E20DF5292D469700AB9A84 /* Project object */;
			proxyType = 1;
			remoteGlobalIDString = E0E20DFD292D469700AB9A84;
			remoteInfo = FirebaseService;
		};
/* End PBXContainerItemProxy section */

/* Begin PBXCopyFilesBuildPhase section */
		E008E0E029367AC00051A4CC /* Embed Frameworks */ = {
			isa = PBXCopyFilesBuildPhase;
			buildActionMask = 2147483647;
			dstPath = "";
			dstSubfolderSpec = 10;
			files = (
				E008E0DF29367AC00051A4CC /* Common.framework in Embed Frameworks */,
			);
			name = "Embed Frameworks";
			runOnlyForDeploymentPostprocessing = 0;
		};
/* End PBXCopyFilesBuildPhase section */

/* Begin PBXFileReference section */
		E008E0DD29367AC00051A4CC /* Common.framework */ = {isa = PBXFileReference; explicitFileType = wrapper.framework; path = Common.framework; sourceTree = BUILT_PRODUCTS_DIR; };
		E02A1DBE293E13C300F246A5 /* HomeService.swift */ = {isa = PBXFileReference; lastKnownFileType = sourcecode.swift; path = HomeService.swift; sourceTree = "<group>"; };
		E02EE8FD2937736D00FD1C80 /* LoginService.swift */ = {isa = PBXFileReference; lastKnownFileType = sourcecode.swift; path = LoginService.swift; sourceTree = "<group>"; };
		E0E20DFE292D469700AB9A84 /* FirebaseService.framework */ = {isa = PBXFileReference; explicitFileType = wrapper.framework; includeInIndex = 0; path = FirebaseService.framework; sourceTree = BUILT_PRODUCTS_DIR; };
		E0E20E01292D469700AB9A84 /* FirebaseService.h */ = {isa = PBXFileReference; lastKnownFileType = sourcecode.c.h; path = FirebaseService.h; sourceTree = "<group>"; };
		E0E20E06292D469700AB9A84 /* FirebaseServiceTests.xctest */ = {isa = PBXFileReference; explicitFileType = wrapper.cfbundle; includeInIndex = 0; path = FirebaseServiceTests.xctest; sourceTree = BUILT_PRODUCTS_DIR; };
		E0E20E0B292D469700AB9A84 /* FirebaseServiceTests.swift */ = {isa = PBXFileReference; lastKnownFileType = sourcecode.swift; path = FirebaseServiceTests.swift; sourceTree = "<group>"; };
		E0E20E1E292D4CFE00AB9A84 /* RegistrationService.swift */ = {isa = PBXFileReference; lastKnownFileType = sourcecode.swift; path = RegistrationService.swift; sourceTree = "<group>"; };
/* End PBXFileReference section */

/* Begin PBXFrameworksBuildPhase section */
		E0E20DFB292D469700AB9A84 /* Frameworks */ = {
			isa = PBXFrameworksBuildPhase;
			buildActionMask = 2147483647;
			files = (
				E0E20E18292D474000AB9A84 /* FirebaseFirestore in Frameworks */,
				E008E0DE29367AC00051A4CC /* Common.framework in Frameworks */,
			);
			runOnlyForDeploymentPostprocessing = 0;
		};
		E0E20E03292D469700AB9A84 /* Frameworks */ = {
			isa = PBXFrameworksBuildPhase;
			buildActionMask = 2147483647;
			files = (
				E0E20E07292D469700AB9A84 /* FirebaseService.framework in Frameworks */,
			);
			runOnlyForDeploymentPostprocessing = 0;
		};
/* End PBXFrameworksBuildPhase section */

/* Begin PBXGroup section */
		E008E0DC29367AC00051A4CC /* Frameworks */ = {
			isa = PBXGroup;
			children = (
				E008E0DD29367AC00051A4CC /* Common.framework */,
			);
			name = Frameworks;
			sourceTree = "<group>";
		};
		E0E20DF4292D469700AB9A84 = {
			isa = PBXGroup;
			children = (
				E0E20E00292D469700AB9A84 /* FirebaseService */,
				E0E20E0A292D469700AB9A84 /* FirebaseServiceTests */,
				E0E20DFF292D469700AB9A84 /* Products */,
				E008E0DC29367AC00051A4CC /* Frameworks */,
			);
			sourceTree = "<group>";
		};
		E0E20DFF292D469700AB9A84 /* Products */ = {
			isa = PBXGroup;
			children = (
				E0E20DFE292D469700AB9A84 /* FirebaseService.framework */,
				E0E20E06292D469700AB9A84 /* FirebaseServiceTests.xctest */,
			);
			name = Products;
			sourceTree = "<group>";
		};
		E0E20E00292D469700AB9A84 /* FirebaseService */ = {
			isa = PBXGroup;
			children = (
				E0E20E1E292D4CFE00AB9A84 /* RegistrationService.swift */,
				E02EE8FD2937736D00FD1C80 /* LoginService.swift */,
				E02A1DBE293E13C300F246A5 /* HomeService.swift */,
				E0E20E01292D469700AB9A84 /* FirebaseService.h */,
			);
			path = FirebaseService;
			sourceTree = "<group>";
		};
		E0E20E0A292D469700AB9A84 /* FirebaseServiceTests */ = {
			isa = PBXGroup;
			children = (
				E0E20E0B292D469700AB9A84 /* FirebaseServiceTests.swift */,
			);
			path = FirebaseServiceTests;
			sourceTree = "<group>";
		};
/* End PBXGroup section */

/* Begin PBXHeadersBuildPhase section */
		E0E20DF9292D469700AB9A84 /* Headers */ = {
			isa = PBXHeadersBuildPhase;
			buildActionMask = 2147483647;
			files = (
				E0E20E0D292D469700AB9A84 /* FirebaseService.h in Headers */,
			);
			runOnlyForDeploymentPostprocessing = 0;
		};
/* End PBXHeadersBuildPhase section */

/* Begin PBXNativeTarget section */
		E0E20DFD292D469700AB9A84 /* FirebaseService */ = {
			isa = PBXNativeTarget;
			buildConfigurationList = E0E20E10292D469700AB9A84 /* Build configuration list for PBXNativeTarget "FirebaseService" */;
			buildPhases = (
				E0E20DF9292D469700AB9A84 /* Headers */,
				E0E20DFA292D469700AB9A84 /* Sources */,
				E0E20DFB292D469700AB9A84 /* Frameworks */,
				E0E20DFC292D469700AB9A84 /* Resources */,
				E008E0E029367AC00051A4CC /* Embed Frameworks */,
			);
			buildRules = (
			);
			dependencies = (
			);
			name = FirebaseService;
			packageProductDependencies = (
				E0E20E17292D474000AB9A84 /* FirebaseFirestore */,
			);
			productName = FirebaseService;
			productReference = E0E20DFE292D469700AB9A84 /* FirebaseService.framework */;
			productType = "com.apple.product-type.framework";
		};
		E0E20E05292D469700AB9A84 /* FirebaseServiceTests */ = {
			isa = PBXNativeTarget;
			buildConfigurationList = E0E20E13292D469700AB9A84 /* Build configuration list for PBXNativeTarget "FirebaseServiceTests" */;
			buildPhases = (
				E0E20E02292D469700AB9A84 /* Sources */,
				E0E20E03292D469700AB9A84 /* Frameworks */,
				E0E20E04292D469700AB9A84 /* Resources */,
			);
			buildRules = (
			);
			dependencies = (
				E0E20E09292D469700AB9A84 /* PBXTargetDependency */,
			);
			name = FirebaseServiceTests;
			productName = FirebaseServiceTests;
			productReference = E0E20E06292D469700AB9A84 /* FirebaseServiceTests.xctest */;
			productType = "com.apple.product-type.bundle.unit-test";
		};
/* End PBXNativeTarget section */

/* Begin PBXProject section */
		E0E20DF5292D469700AB9A84 /* Project object */ = {
			isa = PBXProject;
			attributes = {
				BuildIndependentTargetsInParallel = 1;
				LastSwiftUpdateCheck = 1310;
				LastUpgradeCheck = 1310;
				TargetAttributes = {
					E0E20DFD292D469700AB9A84 = {
						CreatedOnToolsVersion = 13.1;
						LastSwiftMigration = 1310;
					};
					E0E20E05292D469700AB9A84 = {
						CreatedOnToolsVersion = 13.1;
					};
				};
			};
			buildConfigurationList = E0E20DF8292D469700AB9A84 /* Build configuration list for PBXProject "FirebaseService" */;
			compatibilityVersion = "Xcode 13.0";
			developmentRegion = en;
			hasScannedForEncodings = 0;
			knownRegions = (
				en,
				Base,
			);
			mainGroup = E0E20DF4292D469700AB9A84;
			packageReferences = (
				E0E20E16292D474000AB9A84 /* XCRemoteSwiftPackageReference "firebase-ios-sdk" */,
			);
			productRefGroup = E0E20DFF292D469700AB9A84 /* Products */;
			projectDirPath = "";
			projectRoot = "";
			targets = (
				E0E20DFD292D469700AB9A84 /* FirebaseService */,
				E0E20E05292D469700AB9A84 /* FirebaseServiceTests */,
			);
		};
/* End PBXProject section */

/* Begin PBXResourcesBuildPhase section */
		E0E20DFC292D469700AB9A84 /* Resources */ = {
			isa = PBXResourcesBuildPhase;
			buildActionMask = 2147483647;
			files = (
			);
			runOnlyForDeploymentPostprocessing = 0;
		};
		E0E20E04292D469700AB9A84 /* Resources */ = {
			isa = PBXResourcesBuildPhase;
			buildActionMask = 2147483647;
			files = (
			);
			runOnlyForDeploymentPostprocessing = 0;
		};
/* End PBXResourcesBuildPhase section */

/* Begin PBXSourcesBuildPhase section */
		E0E20DFA292D469700AB9A84 /* Sources */ = {
			isa = PBXSourcesBuildPhase;
			buildActionMask = 2147483647;
			files = (
				E02A1DBF293E13C300F246A5 /* HomeService.swift in Sources */,
				E0E20E1F292D4CFE00AB9A84 /* RegistrationService.swift in Sources */,
				E02EE8FE2937736D00FD1C80 /* LoginService.swift in Sources */,
			);
			runOnlyForDeploymentPostprocessing = 0;
		};
		E0E20E02292D469700AB9A84 /* Sources */ = {
			isa = PBXSourcesBuildPhase;
			buildActionMask = 2147483647;
			files = (
				E0E20E0C292D469700AB9A84 /* FirebaseServiceTests.swift in Sources */,
			);
			runOnlyForDeploymentPostprocessing = 0;
		};
/* End PBXSourcesBuildPhase section */

/* Begin PBXTargetDependency section */
		E0E20E09292D469700AB9A84 /* PBXTargetDependency */ = {
			isa = PBXTargetDependency;
			target = E0E20DFD292D469700AB9A84 /* FirebaseService */;
			targetProxy = E0E20E08292D469700AB9A84 /* PBXContainerItemProxy */;
		};
/* End PBXTargetDependency section */

/* Begin XCBuildConfiguration section */
		E0E20E0E292D469700AB9A84 /* Debug */ = {
			isa = XCBuildConfiguration;
			buildSettings = {
				ALWAYS_SEARCH_USER_PATHS = NO;
				CLANG_ANALYZER_NONNULL = YES;
				CLANG_ANALYZER_NUMBER_OBJECT_CONVERSION = YES_AGGRESSIVE;
				CLANG_CXX_LANGUAGE_STANDARD = "gnu++17";
				CLANG_CXX_LIBRARY = "libc++";
				CLANG_ENABLE_MODULES = YES;
				CLANG_ENABLE_OBJC_ARC = YES;
				CLANG_ENABLE_OBJC_WEAK = YES;
				CLANG_WARN_BLOCK_CAPTURE_AUTORELEASING = YES;
				CLANG_WARN_BOOL_CONVERSION = YES;
				CLANG_WARN_COMMA = YES;
				CLANG_WARN_CONSTANT_CONVERSION = YES;
				CLANG_WARN_DEPRECATED_OBJC_IMPLEMENTATIONS = YES;
				CLANG_WARN_DIRECT_OBJC_ISA_USAGE = YES_ERROR;
				CLANG_WARN_DOCUMENTATION_COMMENTS = YES;
				CLANG_WARN_EMPTY_BODY = YES;
				CLANG_WARN_ENUM_CONVERSION = YES;
				CLANG_WARN_INFINITE_RECURSION = YES;
				CLANG_WARN_INT_CONVERSION = YES;
				CLANG_WARN_NON_LITERAL_NULL_CONVERSION = YES;
				CLANG_WARN_OBJC_IMPLICIT_RETAIN_SELF = YES;
				CLANG_WARN_OBJC_LITERAL_CONVERSION = YES;
				CLANG_WARN_OBJC_ROOT_CLASS = YES_ERROR;
				CLANG_WARN_QUOTED_INCLUDE_IN_FRAMEWORK_HEADER = YES;
				CLANG_WARN_RANGE_LOOP_ANALYSIS = YES;
				CLANG_WARN_STRICT_PROTOTYPES = YES;
				CLANG_WARN_SUSPICIOUS_MOVE = YES;
				CLANG_WARN_UNGUARDED_AVAILABILITY = YES_AGGRESSIVE;
				CLANG_WARN_UNREACHABLE_CODE = YES;
				CLANG_WARN__DUPLICATE_METHOD_MATCH = YES;
				COPY_PHASE_STRIP = NO;
				CURRENT_PROJECT_VERSION = 1;
				DEBUG_INFORMATION_FORMAT = dwarf;
				ENABLE_STRICT_OBJC_MSGSEND = YES;
				ENABLE_TESTABILITY = YES;
				GCC_C_LANGUAGE_STANDARD = gnu11;
				GCC_DYNAMIC_NO_PIC = NO;
				GCC_NO_COMMON_BLOCKS = YES;
				GCC_OPTIMIZATION_LEVEL = 0;
				GCC_PREPROCESSOR_DEFINITIONS = (
					"DEBUG=1",
					"$(inherited)",
				);
				GCC_WARN_64_TO_32_BIT_CONVERSION = YES;
				GCC_WARN_ABOUT_RETURN_TYPE = YES_ERROR;
				GCC_WARN_UNDECLARED_SELECTOR = YES;
				GCC_WARN_UNINITIALIZED_AUTOS = YES_AGGRESSIVE;
				GCC_WARN_UNUSED_FUNCTION = YES;
				GCC_WARN_UNUSED_VARIABLE = YES;
				IPHONEOS_DEPLOYMENT_TARGET = 15.0;
				MTL_ENABLE_DEBUG_INFO = INCLUDE_SOURCE;
				MTL_FAST_MATH = YES;
				ONLY_ACTIVE_ARCH = YES;
				SDKROOT = iphoneos;
				SWIFT_ACTIVE_COMPILATION_CONDITIONS = DEBUG;
				SWIFT_OPTIMIZATION_LEVEL = "-Onone";
				VERSIONING_SYSTEM = "apple-generic";
				VERSION_INFO_PREFIX = "";
			};
			name = Debug;
		};
		E0E20E0F292D469700AB9A84 /* Release */ = {
			isa = XCBuildConfiguration;
			buildSettings = {
				ALWAYS_SEARCH_USER_PATHS = NO;
				CLANG_ANALYZER_NONNULL = YES;
				CLANG_ANALYZER_NUMBER_OBJECT_CONVERSION = YES_AGGRESSIVE;
				CLANG_CXX_LANGUAGE_STANDARD = "gnu++17";
				CLANG_CXX_LIBRARY = "libc++";
				CLANG_ENABLE_MODULES = YES;
				CLANG_ENABLE_OBJC_ARC = YES;
				CLANG_ENABLE_OBJC_WEAK = YES;
				CLANG_WARN_BLOCK_CAPTURE_AUTORELEASING = YES;
				CLANG_WARN_BOOL_CONVERSION = YES;
				CLANG_WARN_COMMA = YES;
				CLANG_WARN_CONSTANT_CONVERSION = YES;
				CLANG_WARN_DEPRECATED_OBJC_IMPLEMENTATIONS = YES;
				CLANG_WARN_DIRECT_OBJC_ISA_USAGE = YES_ERROR;
				CLANG_WARN_DOCUMENTATION_COMMENTS = YES;
				CLANG_WARN_EMPTY_BODY = YES;
				CLANG_WARN_ENUM_CONVERSION = YES;
				CLANG_WARN_INFINITE_RECURSION = YES;
				CLANG_WARN_INT_CONVERSION = YES;
				CLANG_WARN_NON_LITERAL_NULL_CONVERSION = YES;
				CLANG_WARN_OBJC_IMPLICIT_RETAIN_SELF = YES;
				CLANG_WARN_OBJC_LITERAL_CONVERSION = YES;
				CLANG_WARN_OBJC_ROOT_CLASS = YES_ERROR;
				CLANG_WARN_QUOTED_INCLUDE_IN_FRAMEWORK_HEADER = YES;
				CLANG_WARN_RANGE_LOOP_ANALYSIS = YES;
				CLANG_WARN_STRICT_PROTOTYPES = YES;
				CLANG_WARN_SUSPICIOUS_MOVE = YES;
				CLANG_WARN_UNGUARDED_AVAILABILITY = YES_AGGRESSIVE;
				CLANG_WARN_UNREACHABLE_CODE = YES;
				CLANG_WARN__DUPLICATE_METHOD_MATCH = YES;
				COPY_PHASE_STRIP = NO;
				CURRENT_PROJECT_VERSION = 1;
				DEBUG_INFORMATION_FORMAT = "dwarf-with-dsym";
				ENABLE_NS_ASSERTIONS = NO;
				ENABLE_STRICT_OBJC_MSGSEND = YES;
				GCC_C_LANGUAGE_STANDARD = gnu11;
				GCC_NO_COMMON_BLOCKS = YES;
				GCC_WARN_64_TO_32_BIT_CONVERSION = YES;
				GCC_WARN_ABOUT_RETURN_TYPE = YES_ERROR;
				GCC_WARN_UNDECLARED_SELECTOR = YES;
				GCC_WARN_UNINITIALIZED_AUTOS = YES_AGGRESSIVE;
				GCC_WARN_UNUSED_FUNCTION = YES;
				GCC_WARN_UNUSED_VARIABLE = YES;
				IPHONEOS_DEPLOYMENT_TARGET = 15.0;
				MTL_ENABLE_DEBUG_INFO = NO;
				MTL_FAST_MATH = YES;
				SDKROOT = iphoneos;
				SWIFT_COMPILATION_MODE = wholemodule;
				SWIFT_OPTIMIZATION_LEVEL = "-O";
				VALIDATE_PRODUCT = YES;
				VERSIONING_SYSTEM = "apple-generic";
				VERSION_INFO_PREFIX = "";
			};
			name = Release;
		};
		E0E20E11292D469700AB9A84 /* Debug */ = {
			isa = XCBuildConfiguration;
			buildSettings = {
				CLANG_ENABLE_MODULES = YES;
				CODE_SIGN_STYLE = Automatic;
				CURRENT_PROJECT_VERSION = 1;
				DEFINES_MODULE = YES;
				DEVELOPMENT_TEAM = MZK2Y22TFS;
				DYLIB_COMPATIBILITY_VERSION = 1;
				DYLIB_CURRENT_VERSION = 1;
				DYLIB_INSTALL_NAME_BASE = "@rpath";
				GENERATE_INFOPLIST_FILE = YES;
				INFOPLIST_KEY_NSHumanReadableCopyright = "";
				INSTALL_PATH = "$(LOCAL_LIBRARY_DIR)/Frameworks";
				LD_RUNPATH_SEARCH_PATHS = (
					"$(inherited)",
					"@executable_path/Frameworks",
					"@loader_path/Frameworks",
				);
				MARKETING_VERSION = 1.0;
				PRODUCT_BUNDLE_IDENTIFIER = com.james.FirebaseService;
				PRODUCT_NAME = "$(TARGET_NAME:c99extidentifier)";
				SKIP_INSTALL = YES;
				SUPPORTS_MACCATALYST = NO;
				SWIFT_EMIT_LOC_STRINGS = YES;
				SWIFT_OPTIMIZATION_LEVEL = "-Onone";
				SWIFT_VERSION = 5.0;
				TARGETED_DEVICE_FAMILY = 1;
			};
			name = Debug;
		};
		E0E20E12292D469700AB9A84 /* Release */ = {
			isa = XCBuildConfiguration;
			buildSettings = {
				CLANG_ENABLE_MODULES = YES;
				CODE_SIGN_STYLE = Automatic;
				CURRENT_PROJECT_VERSION = 1;
				DEFINES_MODULE = YES;
				DEVELOPMENT_TEAM = MZK2Y22TFS;
				DYLIB_COMPATIBILITY_VERSION = 1;
				DYLIB_CURRENT_VERSION = 1;
				DYLIB_INSTALL_NAME_BASE = "@rpath";
				GENERATE_INFOPLIST_FILE = YES;
				INFOPLIST_KEY_NSHumanReadableCopyright = "";
				INSTALL_PATH = "$(LOCAL_LIBRARY_DIR)/Frameworks";
				LD_RUNPATH_SEARCH_PATHS = (
					"$(inherited)",
					"@executable_path/Frameworks",
					"@loader_path/Frameworks",
				);
				MARKETING_VERSION = 1.0;
				PRODUCT_BUNDLE_IDENTIFIER = com.james.FirebaseService;
				PRODUCT_NAME = "$(TARGET_NAME:c99extidentifier)";
				SKIP_INSTALL = YES;
				SUPPORTS_MACCATALYST = NO;
				SWIFT_EMIT_LOC_STRINGS = YES;
				SWIFT_VERSION = 5.0;
				TARGETED_DEVICE_FAMILY = 1;
			};
			name = Release;
		};
		E0E20E14292D469700AB9A84 /* Debug */ = {
			isa = XCBuildConfiguration;
			buildSettings = {
				ALWAYS_EMBED_SWIFT_STANDARD_LIBRARIES = YES;
				CODE_SIGN_STYLE = Automatic;
				CURRENT_PROJECT_VERSION = 1;
				DEVELOPMENT_TEAM = MZK2Y22TFS;
				GENERATE_INFOPLIST_FILE = YES;
				LD_RUNPATH_SEARCH_PATHS = (
					"$(inherited)",
					"@executable_path/Frameworks",
					"@loader_path/Frameworks",
				);
				MARKETING_VERSION = 1.0;
				PRODUCT_BUNDLE_IDENTIFIER = com.james.FirebaseServiceTests;
				PRODUCT_NAME = "$(TARGET_NAME)";
				SWIFT_EMIT_LOC_STRINGS = NO;
				SWIFT_VERSION = 5.0;
				TARGETED_DEVICE_FAMILY = "1,2";
			};
			name = Debug;
		};
		E0E20E15292D469700AB9A84 /* Release */ = {
			isa = XCBuildConfiguration;
			buildSettings = {
				ALWAYS_EMBED_SWIFT_STANDARD_LIBRARIES = YES;
				CODE_SIGN_STYLE = Automatic;
				CURRENT_PROJECT_VERSION = 1;
				DEVELOPMENT_TEAM = MZK2Y22TFS;
				GENERATE_INFOPLIST_FILE = YES;
				LD_RUNPATH_SEARCH_PATHS = (
					"$(inherited)",
					"@executable_path/Frameworks",
					"@loader_path/Frameworks",
				);
				MARKETING_VERSION = 1.0;
				PRODUCT_BUNDLE_IDENTIFIER = com.james.FirebaseServiceTests;
				PRODUCT_NAME = "$(TARGET_NAME)";
				SWIFT_EMIT_LOC_STRINGS = NO;
				SWIFT_VERSION = 5.0;
				TARGETED_DEVICE_FAMILY = "1,2";
			};
			name = Release;
		};
/* End XCBuildConfiguration section */

/* Begin XCConfigurationList section */
		E0E20DF8292D469700AB9A84 /* Build configuration list for PBXProject "FirebaseService" */ = {
			isa = XCConfigurationList;
			buildConfigurations = (
				E0E20E0E292D469700AB9A84 /* Debug */,
				E0E20E0F292D469700AB9A84 /* Release */,
			);
			defaultConfigurationIsVisible = 0;
			defaultConfigurationName = Release;
		};
		E0E20E10292D469700AB9A84 /* Build configuration list for PBXNativeTarget "FirebaseService" */ = {
			isa = XCConfigurationList;
			buildConfigurations = (
				E0E20E11292D469700AB9A84 /* Debug */,
				E0E20E12292D469700AB9A84 /* Release */,
			);
			defaultConfigurationIsVisible = 0;
			defaultConfigurationName = Release;
		};
		E0E20E13292D469700AB9A84 /* Build configuration list for PBXNativeTarget "FirebaseServiceTests" */ = {
			isa = XCConfigurationList;
			buildConfigurations = (
				E0E20E14292D469700AB9A84 /* Debug */,
				E0E20E15292D469700AB9A84 /* Release */,
			);
			defaultConfigurationIsVisible = 0;
			defaultConfigurationName = Release;
		};
/* End XCConfigurationList section */

/* Begin XCRemoteSwiftPackageReference section */
		E0E20E16292D474000AB9A84 /* XCRemoteSwiftPackageReference "firebase-ios-sdk" */ = {
			isa = XCRemoteSwiftPackageReference;
			repositoryURL = "https://github.com/firebase/firebase-ios-sdk";
			requirement = {
				kind = upToNextMajorVersion;
				minimumVersion = 9.0.0;
			};
		};
/* End XCRemoteSwiftPackageReference section */

/* Begin XCSwiftPackageProductDependency section */
		E0E20E17292D474000AB9A84 /* FirebaseFirestore */ = {
			isa = XCSwiftPackageProductDependency;
			package = E0E20E16292D474000AB9A84 /* XCRemoteSwiftPackageReference "firebase-ios-sdk" */;
			productName = FirebaseFirestore;
		};
/* End XCSwiftPackageProductDependency section */
	};
	rootObject = E0E20DF5292D469700AB9A84 /* Project object */;
}
